
Microsoft Visual Studio Solution File, Format Version 12.00
# Visual Studio Version 17
VisualStudioVersion = 17.8.34322.80
MinimumVisualStudioVersion = 10.0.40219.1
Project("{FAE04EC0-301F-11D3-BF4B-00C04F79EFBC}") = "SayedR11EmployeeWage", "SayedR11EmployeeWage\SayedR11EmployeeWage.csproj", "{06141608-6F47-4CF2-A5D6-9A2760D8F218}"
EndProject
Global
	GlobalSection(SolutionConfigurationPlatforms) = preSolution
		Debug|Any CPU = Debug|Any CPU
		Release|Any CPU = Release|Any CPU
	EndGlobalSection
	GlobalSection(ProjectConfigurationPlatforms) = postSolution
		{06141608-6F47-4CF2-A5D6-9A2760D8F218}.Debug|Any CPU.ActiveCfg = Debug|Any CPU
		{06141608-6F47-4CF2-A5D6-9A2760D8F218}.Debug|Any CPU.Build.0 = Debug|Any CPU
		{06141608-6F47-4CF2-A5D6-9A2760D8F218}.Release|Any CPU.ActiveCfg = Release|Any CPU
		{06141608-6F47-4CF2-A5D6-9A2760D8F218}.Release|Any CPU.Build.0 = Release|Any CPU
	EndGlobalSection
	GlobalSection(SolutionProperties) = preSolution
		HideSolutionNode = FALSE
	EndGlobalSection
	GlobalSection(ExtensibilityGlobals) = postSolution
		SolutionGuid = {3B99BAF7-2E85-4D97-AD34-0209B53FFAD3}
	EndGlobalSection
EndGlobal
